
Microsoft Visual Studio Solution File, Format Version 12.00
# Visual Studio Version 17
VisualStudioVersion = 17.9.34622.214
MinimumVisualStudioVersion = 10.0.40219.1
Project("{9A19103F-16F7-4668-BE54-9A1E7A4F7556}") = "Task_02", "Task_02.csproj", "{168B6BD4-B80A-43E5-9E9B-090A932592B4}"
EndProject
Project("{FAE04EC0-301F-11D3-BF4B-00C04F79EFBC}") = "Task_03", "Task_03\Task_03.csproj", "{A159F683-DEFF-46E6-9C71-7DC94C3C7D0F}"
EndProject
Project("{FAE04EC0-301F-11D3-BF4B-00C04F79EFBC}") = "Task_04", "Task_04\Task_04.csproj", "{ED8268D5-92FA-48F9-9482-2F6994422861}"
EndProject
Global
	GlobalSection(SolutionConfigurationPlatforms) = preSolution
		Debug|Any CPU = Debug|Any CPU
		Release|Any CPU = Release|Any CPU
	EndGlobalSection
	GlobalSection(ProjectConfigurationPlatforms) = postSolution
		{168B6BD4-B80A-43E5-9E9B-090A932592B4}.Debug|Any CPU.ActiveCfg = Debug|Any CPU
		{168B6BD4-B80A-43E5-9E9B-090A932592B4}.Debug|Any CPU.Build.0 = Debug|Any CPU
		{168B6BD4-B80A-43E5-9E9B-090A932592B4}.Release|Any CPU.ActiveCfg = Release|Any CPU
		{168B6BD4-B80A-43E5-9E9B-090A932592B4}.Release|Any CPU.Build.0 = Release|Any CPU
		{A159F683-DEFF-46E6-9C71-7DC94C3C7D0F}.Debug|Any CPU.ActiveCfg = Debug|Any CPU
		{A159F683-DEFF-46E6-9C71-7DC94C3C7D0F}.Debug|Any CPU.Build.0 = Debug|Any CPU
		{A159F683-DEFF-46E6-9C71-7DC94C3C7D0F}.Release|Any CPU.ActiveCfg = Release|Any CPU
		{A159F683-DEFF-46E6-9C71-7DC94C3C7D0F}.Release|Any CPU.Build.0 = Release|Any CPU
		{ED8268D5-92FA-48F9-9482-2F6994422861}.Debug|Any CPU.ActiveCfg = Debug|Any CPU
		{ED8268D5-92FA-48F9-9482-2F6994422861}.Debug|Any CPU.Build.0 = Debug|Any CPU
		{ED8268D5-92FA-48F9-9482-2F6994422861}.Release|Any CPU.ActiveCfg = Release|Any CPU
		{ED8268D5-92FA-48F9-9482-2F6994422861}.Release|Any CPU.Build.0 = Release|Any CPU
	EndGlobalSection
	GlobalSection(SolutionProperties) = preSolution
		HideSolutionNode = FALSE
	EndGlobalSection
	GlobalSection(ExtensibilityGlobals) = postSolution
		SolutionGuid = {ACEE999B-5299-4BCA-9754-C43C6939611D}
	EndGlobalSection
EndGlobal
